dependencies:
  villus: 1.0.0-rc.14
devDependencies:
  typescript: 4.2.3
lockfileVersion: 5.2
packages:
  /typescript/4.2.3:
    dev: true
    engines:
      node: '>=4.2.0'
    hasBin: true
    resolution:
      integrity: sha512-qOcYwxaByStAWrBf4x0fibwZvMRG+r4cQoTjbPtUlrWjBHbmCAww1i448U0GJ+3cNNEtebDteo/cHOR3xJ4wEw==
  /villus/1.0.0-rc.14:
    dependencies:
      vue-demi: 0.7.1
    dev: false
    peerDependencies:
      '@vue/composition-api': ^1.0.0-beta.1
      graphql: ^0.11.0 || ^0.12.0 || ^0.13.0 || ^14.0.0 || ^15.0.0
      vue: ^2.0.0 || >=3.0.0
    resolution:
      integrity: sha512-0WPqLoaWh+nBZ7SMS/cvKazRWt/lnF+jcXKFZTAt3oI3J1yTNZIf4XF+cneUmP0RqYzOnP+/9hN/DaBwe+QTiw==
  /vue-demi/0.7.1:
    dev: false
    hasBin: true
    peerDependencies:
      '@vue/composition-api': ^1.0.0-beta.1
      vue: ^2.6.0 || >=3.0.0-rc.1
    peerDependenciesMeta:
      '@vue/composition-api':
        optional: true
    requiresBuild: true
    resolution:
      integrity: sha512-cJ3QnpcbIqdpeV3NnNgSDwneCJifvHct+6JNvfYn/49geK/uv5VJicZDvyg20guNhz+DZmUHBHyRQTJ32lSC2g==
specifiers:
  typescript: ^4.2.3
  villus: ^1.0.0-rc.14
